{
  "name": "graft",
  "lockfileVersion": 3,
  "requires": true,
  "packages": {
    "": {
      "dependencies": {
        "concertino": "^0.1.1"
      },
      "devDependencies": {
        "openspec": "^0.0.0"
      }
    },
    "node_modules/concertino": {
      "version": "0.1.1",
      "resolved": "https://registry.npmjs.org/concertino/-/concertino-0.1.1.tgz",
      "integrity": "sha512-SCq2VKFlwP2LuW6vVjHrPSC2Y22ma5U0PnYqxBqtG23fS+bFJEG8/0TykpCYQToL3MITVV88IGSNHot0RtzXRw==",
      "license": "MIT",
      "bin": {
        "concertino": "bin/concertino"
      },
      "engines": {
        "node": ">=16"
      }
    },
    "node_modules/openspec": {
      "version": "0.0.0",
      "resolved": "https://registry.npmjs.org/openspec/-/openspec-0.0.0.tgz",
      "integrity": "sha512-7+lOPJO4eDtQlC/wfpRuZ+c75hiXIfb+PDm7nmWkj6/ZKf2Utx6ST1Sg35Vjvrz6dGGUQEW9fuVe+thKvVstkA==",
      "dev": true,
      "license": "MIT"
    }
  }
}
